dependencies:
- name: crossplane
  repository: https://charts.crossplane.io/stable
  version: 2.4.2
- name: metrics-server
  repository: https://kubernetes-sigs.github.io/metrics-server/
  version: 3.12.2
- name: cloudnative-pg
  repository: https://cloudnative-pg.github.io/charts
  version: 0.29.1
- name: mariadb-operator
  repository: oci://ghcr.io/mariadb-operator/charts
  version: 26.10.1
- name: vault
  repository: https://helm.releases.hashicorp.com
  version: 0.34.1
- name: external-secrets
  repository: https://charts.external-secrets.io
  version: 2.12.0
digest: sha256:4f72dfbd5da062983a15945946af6b99efc665a1e18ba5468e1bc6514b41f2f4
generated: "2026-10-09T05:55:44.800970891Z"
