dependencies:
- name: crossplane
  repository: https://charts.crossplane.io/stable
  version: 2.4.2
- name: cloudnative-pg
  repository: https://cloudnative-pg.github.io/charts
  version: 0.29.1
- name: mariadb-operator
  repository: oci://ghcr.io/mariadb-operator/charts
  version: 26.10.1
- name: vault
  repository: https://helm.releases.hashicorp.com
  version: 0.34.1
- name: external-secrets
  repository: https://charts.external-secrets.io
  version: 2.12.0
digest: sha256:eeec357185b00397507a5d943f4ae5809e11933706231922480b8d5ca0c8318a
generated: "2026-10-07T11:32:03.344997852Z"
